{
  "name": "@scaffold-eth/monorepo",
  "version": "1.0.0",
  "lockfileVersion": 1,
  "requires": true,
  "dependencies": {
    "@web-std/blob": {
      "version": "2.0.1",
      "resolved": "https://registry.npmjs.org/@web-std/blob/-/blob-2.0.1.tgz",
      "integrity": "sha512-eyRgoKhJQ6BYEpMeO4hJNKKwpcS1NYqJy5Mw69mgmjUDsu8bCKn7L5JUTXL+T3z3QpgISOJsboX2UchRyTxd/A==",
      "requires": {
        "web-encoding": "1.1.0",
        "web-streams-polyfill": "2.1.1"
      }
    },
    "@web-std/fetch": {
      "version": "1.0.0",
      "resolved": "https://registry.npmjs.org/@web-std/fetch/-/fetch-1.0.0.tgz",
      "integrity": "sha512-ghp1XUrJf1Ue4hSMC5In6b1osL+iYmyqIFNS4c/3sIsBjX3j6doWG1hXCEQYk88OwXLbSzAIc6q0mBnIbkUVjg==",
      "requires": {
        "data-uri-to-buffer": "^3.0.1",
        "fetch-blob": "^2.1.1"
      }
    },
    "@web-std/file": {
      "version": "1.0.1",
      "resolved": "https://registry.npmjs.org/@web-std/file/-/file-1.0.1.tgz",
      "integrity": "sha512-XAgUci2QDWb+HLtZnujP4kBmW4aYGYHAVimN4hn6tK0tMKsZi3e1teguy/e2ZXdimvrXMq8Dt9UPHUdRcY28iQ==",
      "requires": {
        "@web-std/blob": "2.0.0"
      },
      "dependencies": {
        "@web-std/blob": {
          "version": "2.0.0",
          "resolved": "https://registry.npmjs.org/@web-std/blob/-/blob-2.0.0.tgz",
          "integrity": "sha512-i4JdX5sli14KQra9wYo2a/wap5SICp4c20EdGTzPDxUbXLPrPIsH5IplUizKeBXNRAtxKDenp+kCNukVs3FyNA==",
          "requires": {
            "web-encoding": "1.1.0",
            "web-streams-polyfill": "2.1.1"
          }
        }
      }
    },
    "@web-std/form-data": {
      "version": "2.0.0",
      "resolved": "https://registry.npmjs.org/@web-std/form-data/-/form-data-2.0.0.tgz",
      "integrity": "sha512-zgLBe6QZUhl3Mk0jKJ9vWLdv9sykq7lVRHazQyJw4fZOVYltJ4WdJsxC+Jd2br+qkWJTppNORzyMK/0ayy4AOw==",
      "requires": {
        "web-encoding": "1.1.0",
        "web-streams-polyfill": "2.1.1"
      }
    },
    "@zxing/text-encoding": {
      "version": "0.9.0",
      "resolved": "https://registry.npmjs.org/@zxing/text-encoding/-/text-encoding-0.9.0.tgz",
      "integrity": "sha512-U/4aVJ2mxI0aDNI8Uq0wEhMgY+u4CNtEb0om3+y3+niDAsoTCOB33UF0sxpzqzdqXLqmvc+vZyAt4O8pPdfkwA==",
      "optional": true
    },
    "data-uri-to-buffer": {
      "version": "3.0.1",
      "resolved": "https://registry.npmjs.org/data-uri-to-buffer/-/data-uri-to-buffer-3.0.1.tgz",
      "integrity": "sha512-WboRycPNsVw3B3TL559F7kuBUM4d8CgMEvk6xEJlOp7OBPjt6G7z8WMWlD2rOFZLk6OYfFIUGsCOWzcQH9K2og=="
    },
    "dotenv": {
      "version": "10.0.0",
      "resolved": "https://registry.npmjs.org/dotenv/-/dotenv-10.0.0.tgz",
      "integrity": "sha512-rlBi9d8jpv9Sf1klPjNfFAuWDjKLwTIJJ/VxtoTwIR6hnZxcEOQCZg2oIL3MWBYw5GpUDKOEnND7LXTbIpQ03Q=="
    },
    "fetch-blob": {
      "version": "2.1.2",
      "resolved": "https://registry.npmjs.org/fetch-blob/-/fetch-blob-2.1.2.tgz",
      "integrity": "sha512-YKqtUDwqLyfyMnmbw8XD6Q8j9i/HggKtPEI+pZ1+8bvheBu78biSmNaXWusx1TauGqtUUGx/cBb1mKdq2rLYow=="
    },
    "nft.storage": {
      "version": "1.4.0",
      "requires": {
        "@web-std/blob": "2.0.1",
        "@web-std/fetch": "1.0.0",
        "@web-std/file": "1.0.1",
        "@web-std/form-data": "2.0.0"
      }
    },
    "web-encoding": {
      "version": "1.1.0",
      "resolved": "https://registry.npmjs.org/web-encoding/-/web-encoding-1.1.0.tgz",
      "integrity": "sha512-KzYonGdJnZB3qvhK8hKca5qXk/wp+hgwGNTY1TnqtF2CzDzpN8szOC3ejhX9+wbhCq3vQs/TjM8BykS1kor0lQ==",
      "requires": {
        "@zxing/text-encoding": "0.9.0"
      }
    },
    "web-streams-polyfill": {
      "version": "2.1.1",
      "resolved": "https://registry.npmjs.org/web-streams-polyfill/-/web-streams-polyfill-2.1.1.tgz",
      "integrity": "sha512-dlNpL2aab3g8CKfGz6rl8FNmGaRWLLn2g/DtSc9IjB30mEdE6XxzPfPSig5BwGSzI+oLxHyETrQGKjrVVhbLCg=="
    }
  }
}
